{
  "name": "day_18_background_sllider",
  "lockfileVersion": 3,
  "requires": true,
  "packages": {
    "": {
      "dependencies": {
        "unsplash-js": "^7.0.20"
      }
    },
    "node_modules/unsplash-js": {
      "version": "7.0.20",
      "resolved": "https://registry.npmjs.org/unsplash-js/-/unsplash-js-7.0.20.tgz",
      "integrity": "sha512-0IzJGKbD6qHm0wg5sNndcCjhNDrtAr08/mySr9TGJ6biD7N03ZldidqXopkOvhAABaeFtRGYBrX1YkgMhKrFOQ==",
      "license": "MIT",
      "engines": {
        "node": ">=10"
      }
    }
  }
}
